// !$*UTF8*$!
{
	archiveVersion = 1;
	classes = {
	};
	objectVersion = 46;
	objects = {

/* Begin PBXBuildFile section */
		7E37F2C21FB7F5290057188C /* papa-johns.png in Resources */ = {isa = PBXBuildFile; fileRef = 7E37F2C01FB7F5290057188C /* papa-johns.png */; };
		7E37F2C31FB7F5290057188C /* microphone-image.png in Resources */ = {isa = PBXBuildFile; fileRef = 7E37F2C11FB7F5290057188C /* microphone-image.png */; };
		7ECD4F121FAF8E2F004DBE75 /* main.m in Sources */ = {isa = PBXBuildFile; fileRef = 7ECD4F111FAF8E2F004DBE75 /* main.m */; };
		7ECD4F151FAF8E2F004DBE75 /* AppDelegate.m in Sources */ = {isa = PBXBuildFile; fileRef = 7ECD4F141FAF8E2F004DBE75 /* AppDelegate.m */; };
		7ECD4F181FAF8E2F004DBE75 /* ViewController.m in Sources */ = {isa = PBXBuildFile; fileRef = 7ECD4F171FAF8E2F004DBE75 /* ViewController.m */; };
		7ECD4F1B1FAF8E2F004DBE75 /* Main.storyboard in Resources */ = {isa = PBXBuildFile; fileRef = 7ECD4F191FAF8E2F004DBE75 /* Main.storyboard */; };
		7ECD4F1D1FAF8E2F004DBE75 /* Assets.xcassets in Resources */ = {isa = PBXBuildFile; fileRef = 7ECD4F1C1FAF8E2F004DBE75 /* Assets.xcassets */; };
		7ECD4F201FAF8E30004DBE75 /* LaunchScreen.storyboard in Resources */ = {isa = PBXBuildFile; fileRef = 7ECD4F1E1FAF8E30004DBE75 /* LaunchScreen.storyboard */; };
		7ECD4F2B1FAF8E30004DBE75 /* Papa_Johns_Voice_AssistantTests.m in Sources */ = {isa = PBXBuildFile; fileRef = 7ECD4F2A1FAF8E30004DBE75 /* Papa_Johns_Voice_AssistantTests.m */; };
		7ECD4F361FAF8E30004DBE75 /* Papa_Johns_Voice_AssistantUITests.m in Sources */ = {isa = PBXBuildFile; fileRef = 7ECD4F351FAF8E30004DBE75 /* Papa_Johns_Voice_AssistantUITests.m */; };
		D9703A8BA074DEFA1416D7E4 /* libPods-Papa Johns Voice AssistantUITests.a in Frameworks */ = {isa = PBXBuildFile; fileRef = F490A428870113AD6F43F728 /* libPods-Papa Johns Voice AssistantUITests.a */; };
		F2AFFE9E2734785FC06231C4 /* libPods-Papa Johns Voice AssistantTests.a in Frameworks */ = {isa = PBXBuildFile; fileRef = DFE95A5C6F642C4B1BA2D6E4 /* libPods-Papa Johns Voice AssistantTests.a */; };
		FB309EC0C68913C94E577823 /* libPods-Papa Johns Voice Assistant.a in Frameworks */ = {isa = PBXBuildFile; fileRef = A47A566A066E6C944A07C560 /* libPods-Papa Johns Voice Assistant.a */; };
/* End PBXBuildFile section */

/* Begin PBXContainerItemProxy section */
		7ECD4F271FAF8E30004DBE75 /* PBXContainerItemProxy */ = {
			isa = PBXContainerItemProxy;
			containerPortal = 7ECD4F051FAF8E2F004DBE75 /* Project object */;
			proxyType = 1;
			remoteGlobalIDString = 7ECD4F0C1FAF8E2F004DBE75;
			remoteInfo = "Papa Johns Voice Assistant";
		};
		7ECD4F321FAF8E30004DBE75 /* PBXContainerItemProxy */ = {
			isa = PBXContainerItemProxy;
			containerPortal = 7ECD4F051FAF8E2F004DBE75 /* Project object */;
			proxyType = 1;
			remoteGlobalIDString = 7ECD4F0C1FAF8E2F004DBE75;
			remoteInfo = "Papa Johns Voice Assistant";
		};
/* End PBXContainerItemProxy section */

/* Begin PBXFileReference section */
		1AD21207EA6A2B6C99A1482A /* Pods-Papa Johns Voice AssistantUITests.debug.xcconfig */ = {isa = PBXFileReference; includeInIndex = 1; lastKnownFileType = text.xcconfig; name = "Pods-Papa Johns Voice AssistantUITests.debug.xcconfig"; path = "Pods/Target Support Files/Pods-Papa Johns Voice AssistantUITests/Pods-Papa Johns Voice AssistantUITests.debug.xcconfig"; sourceTree = "<group>"; };
		485FA8F621F80B477F96F2A8 /* Pods-Papa Johns Voice AssistantTests.release.xcconfig */ = {isa = PBXFileReference; includeInIndex = 1; lastKnownFileType = text.xcconfig; name = "Pods-Papa Johns Voice AssistantTests.release.xcconfig"; path = "Pods/Target Support Files/Pods-Papa Johns Voice AssistantTests/Pods-Papa Johns Voice AssistantTests.release.xcconfig"; sourceTree = "<group>"; };
		7E37F2C01FB7F5290057188C /* papa-johns.png */ = {isa = PBXFileReference; lastKnownFileType = image.png; name = "papa-johns.png"; path = "../../../../../../Desktop/papa-johns.png"; sourceTree = "<group>"; };
		7E37F2C11FB7F5290057188C /* microphone-image.png */ = {isa = PBXFileReference; lastKnownFileType = image.png; name = "microphone-image.png"; path = "../../../../../../Desktop/microphone-image.png"; sourceTree = "<group>"; };
		7ECD4F0D1FAF8E2F004DBE75 /* Papa Johns Voice Assistant.app */ = {isa = PBXFileReference; explicitFileType = wrapper.application; includeInIndex = 0; path = "Papa Johns Voice Assistant.app"; sourceTree = BUILT_PRODUCTS_DIR; };
		7ECD4F111FAF8E2F004DBE75 /* main.m */ = {isa = PBXFileReference; lastKnownFileType = sourcecode.c.objc; path = main.m; sourceTree = "<group>"; };
		7ECD4F131FAF8E2F004DBE75 /* AppDelegate.h */ = {isa = PBXFileReference; lastKnownFileType = sourcecode.c.h; path = AppDelegate.h; sourceTree = "<group>"; };
		7ECD4F141FAF8E2F004DBE75 /* AppDelegate.m */ = {isa = PBXFileReference; lastKnownFileType = sourcecode.c.objc; path = AppDelegate.m; sourceTree = "<group>"; };
		7ECD4F161FAF8E2F004DBE75 /* ViewController.h */ = {isa = PBXFileReference; lastKnownFileType = sourcecode.c.h; path = ViewController.h; sourceTree = "<group>"; };
		7ECD4F171FAF8E2F004DBE75 /* ViewController.m */ = {isa = PBXFileReference; lastKnownFileType = sourcecode.c.objc; path = ViewController.m; sourceTree = "<group>"; };
		7ECD4F1A1FAF8E2F004DBE75 /* Base */ = {isa = PBXFileReference; lastKnownFileType = file.storyboard; name = Base; path = Base.lproj/Main.storyboard; sourceTree = "<group>"; };
		7ECD4F1C1FAF8E2F004DBE75 /* Assets.xcassets */ = {isa = PBXFileReference; lastKnownFileType = folder.assetcatalog; path = Assets.xcassets; sourceTree = "<group>"; };
		7ECD4F1F1FAF8E30004DBE75 /* Base */ = {isa = PBXFileReference; lastKnownFileType = file.storyboard; name = Base; path = Base.lproj/LaunchScreen.storyboard; sourceTree = "<group>"; };
		7ECD4F211FAF8E30004DBE75 /* Info.plist */ = {isa = PBXFileReference; lastKnownFileType = text.plist.xml; path = Info.plist; sourceTree = "<group>"; };
		7ECD4F261FAF8E30004DBE75 /* Papa Johns Voice AssistantTests.xctest */ = {isa = PBXFileReference; explicitFileType = wrapper.cfbundle; includeInIndex = 0; path = "Papa Johns Voice AssistantTests.xctest"; sourceTree = BUILT_PRODUCTS_DIR; };
		7ECD4F2A1FAF8E30004DBE75 /* Papa_Johns_Voice_AssistantTests.m */ = {isa = PBXFileReference; lastKnownFileType = sourcecode.c.objc; path = Papa_Johns_Voice_AssistantTests.m; sourceTree = "<group>"; };
		7ECD4F2C1FAF8E30004DBE75 /* Info.plist */ = {isa = PBXFileReference; lastKnownFileType = text.plist.xml; path = Info.plist; sourceTree = "<group>"; };
		7ECD4F311FAF8E30004DBE75 /* Papa Johns Voice AssistantUITests.xctest */ = {isa = PBXFileReference; explicitFileType = wrapper.cfbundle; includeInIndex = 0; path = "Papa Johns Voice AssistantUITests.xctest"; sourceTree = BUILT_PRODUCTS_DIR; };
		7ECD4F351FAF8E30004DBE75 /* Papa_Johns_Voice_AssistantUITests.m */ = {isa = PBXFileReference; lastKnownFileType = sourcecode.c.objc; path = Papa_Johns_Voice_AssistantUITests.m; sourceTree = "<group>"; };
		7ECD4F371FAF8E30004DBE75 /* Info.plist */ = {isa = PBXFileReference; lastKnownFileType = text.plist.xml; path = Info.plist; sourceTree = "<group>"; };
		84257E4D1FB7CE0A00156AF8 /* microphone-image.png */ = {isa = PBXFileReference; lastKnownFileType = image.png; name = "microphone-image.png"; path = "../../microphone-image.png"; sourceTree = "<group>"; };
		84257E4F1FB7CE1400156AF8 /* papa-johns.png */ = {isa = PBXFileReference; lastKnownFileType = image.png; name = "papa-johns.png"; path = "../../papa-johns.png"; sourceTree = "<group>"; };
		84291D8B1FB94DE600EFB7BB /* LoginViewController.h */ = {isa = PBXFileReference; lastKnownFileType = sourcecode.c.h; path = LoginViewController.h; sourceTree = "<group>"; };
		84291D8C1FB94DE600EFB7BB /* LoginViewController.m */ = {isa = PBXFileReference; lastKnownFileType = sourcecode.c.objc; path = LoginViewController.m; sourceTree = "<group>"; };
		8477F4EE1FB8C3510039D0E8 /* RegisterViewController.h */ = {isa = PBXFileReference; lastKnownFileType = sourcecode.c.h; path = RegisterViewController.h; sourceTree = "<group>"; };
		8477F4EF1FB8C3510039D0E8 /* RegisterViewController.m */ = {isa = PBXFileReference; lastKnownFileType = sourcecode.c.objc; path = RegisterViewController.m; sourceTree = "<group>"; };
		92AC79B07707CFCB2A40DA71 /* Pods-Papa Johns Voice AssistantUITests.release.xcconfig */ = {isa = PBXFileReference; includeInIndex = 1; lastKnownFileType = text.xcconfig; name = "Pods-Papa Johns Voice AssistantUITests.release.xcconfig"; path = "Pods/Target Support Files/Pods-Papa Johns Voice AssistantUITests/Pods-Papa Johns Voice AssistantUITests.release.xcconfig"; sourceTree = "<group>"; };
		994768432849B39FFA180BC3 /* Pods-Papa Johns Voice AssistantTests.debug.xcconfig */ = {isa = PBXFileReference; includeInIndex = 1; lastKnownFileType = text.xcconfig; name = "Pods-Papa Johns Voice AssistantTests.debug.xcconfig"; path = "Pods/Target Support Files/Pods-Papa Johns Voice AssistantTests/Pods-Papa Johns Voice AssistantTests.debug.xcconfig"; sourceTree = "<group>"; };
		997C76160D73532012BE3BFC /* Pods-Papa Johns Voice Assistant.debug.xcconfig */ = {isa = PBXFileReference; includeInIndex = 1; lastKnownFileType = text.xcconfig; name = "Pods-Papa Johns Voice Assistant.debug.xcconfig"; path = "Pods/Target Support Files/Pods-Papa Johns Voice Assistant/Pods-Papa Johns Voice Assistant.debug.xcconfig"; sourceTree = "<group>"; };
		A47A566A066E6C944A07C560 /* libPods-Papa Johns Voice Assistant.a */ = {isa = PBXFileReference; explicitFileType = archive.ar; includeInIndex = 0; path = "libPods-Papa Johns Voice Assistant.a"; sourceTree = BUILT_PRODUCTS_DIR; };
		CE02FDB5AE4D76D2EB0B6193 /* Pods-Papa Johns Voice Assistant.release.xcconfig */ = {isa = PBXFileReference; includeInIndex = 1; lastKnownFileType = text.xcconfig; name = "Pods-Papa Johns Voice Assistant.release.xcconfig"; path = "Pods/Target Support Files/Pods-Papa Johns Voice Assistant/Pods-Papa Johns Voice Assistant.release.xcconfig"; sourceTree = "<group>"; };
		DFE95A5C6F642C4B1BA2D6E4 /* libPods-Papa Johns Voice AssistantTests.a */ = {isa = PBXFileReference; explicitFileType = archive.ar; includeInIndex = 0; path = "libPods-Papa Johns Voice AssistantTests.a"; sourceTree = BUILT_PRODUCTS_DIR; };
		F490A428870113AD6F43F728 /* libPods-Papa Johns Voice AssistantUITests.a */ = {isa = PBXFileReference; explicitFileType = archive.ar; includeInIndex = 0; path = "libPods-Papa Johns Voice AssistantUITests.a"; sourceTree = BUILT_PRODUCTS_DIR; };
/* End PBXFileReference section */

/* Begin PBXFrameworksBuildPhase section */
		7ECD4F0A1FAF8E2F004DBE75 /* Frameworks */ = {
			isa = PBXFrameworksBuildPhase;
			buildActionMask = 2147483647;
			files = (
				FB309EC0C68913C94E577823 /* libPods-Papa Johns Voice Assistant.a in Frameworks */,
			);
			runOnlyForDeploymentPostprocessing = 0;
		};
		7ECD4F231FAF8E30004DBE75 /* Frameworks */ = {
			isa = PBXFrameworksBuildPhase;
			buildActionMask = 2147483647;
			files = (
				F2AFFE9E2734785FC06231C4 /* libPods-Papa Johns Voice AssistantTests.a in Frameworks */,
			);
			runOnlyForDeploymentPostprocessing = 0;
		};
		7ECD4F2E1FAF8E30004DBE75 /* Frameworks */ = {
			isa = PBXFrameworksBuildPhase;
			buildActionMask = 2147483647;
			files = (
				D9703A8BA074DEFA1416D7E4 /* libPods-Papa Johns Voice AssistantUITests.a in Frameworks */,
			);
			runOnlyForDeploymentPostprocessing = 0;
		};
/* End PBXFrameworksBuildPhase section */

/* Begin PBXGroup section */
		52789C7845A281BF2ACF81CF /* Pods */ = {
			isa = PBXGroup;
			children = (
				997C76160D73532012BE3BFC /* Pods-Papa Johns Voice Assistant.debug.xcconfig */,
				CE02FDB5AE4D76D2EB0B6193 /* Pods-Papa Johns Voice Assistant.release.xcconfig */,
				994768432849B39FFA180BC3 /* Pods-Papa Johns Voice AssistantTests.debug.xcconfig */,
				485FA8F621F80B477F96F2A8 /* Pods-Papa Johns Voice AssistantTests.release.xcconfig */,
				1AD21207EA6A2B6C99A1482A /* Pods-Papa Johns Voice AssistantUITests.debug.xcconfig */,
				92AC79B07707CFCB2A40DA71 /* Pods-Papa Johns Voice AssistantUITests.release.xcconfig */,
			);
			name = Pods;
			sourceTree = "<group>";
		};
		7ECD4F041FAF8E2F004DBE75 = {
			isa = PBXGroup;
			children = (
				7ECD4F0F1FAF8E2F004DBE75 /* Papa Johns Voice Assistant */,
				7ECD4F291FAF8E30004DBE75 /* Papa Johns Voice AssistantTests */,
				7ECD4F341FAF8E30004DBE75 /* Papa Johns Voice AssistantUITests */,
				7ECD4F0E1FAF8E2F004DBE75 /* Products */,
				52789C7845A281BF2ACF81CF /* Pods */,
				9BE1C3A0F1ABE087EBC6D1A7 /* Frameworks */,
			);
			sourceTree = "<group>";
		};
		7ECD4F0E1FAF8E2F004DBE75 /* Products */ = {
			isa = PBXGroup;
			children = (
				7ECD4F0D1FAF8E2F004DBE75 /* Papa Johns Voice Assistant.app */,
				7ECD4F261FAF8E30004DBE75 /* Papa Johns Voice AssistantTests.xctest */,
				7ECD4F311FAF8E30004DBE75 /* Papa Johns Voice AssistantUITests.xctest */,
			);
			name = Products;
			sourceTree = "<group>";
		};
		7ECD4F0F1FAF8E2F004DBE75 /* Papa Johns Voice Assistant */ = {
			isa = PBXGroup;
			children = (
				7ECD4F131FAF8E2F004DBE75 /* AppDelegate.h */,
				7ECD4F141FAF8E2F004DBE75 /* AppDelegate.m */,
				7ECD4F161FAF8E2F004DBE75 /* ViewController.h */,
				7ECD4F171FAF8E2F004DBE75 /* ViewController.m */,
				7ECD4F191FAF8E2F004DBE75 /* Main.storyboard */,
				7ECD4F1C1FAF8E2F004DBE75 /* Assets.xcassets */,
				7ECD4F1E1FAF8E30004DBE75 /* LaunchScreen.storyboard */,
				7ECD4F211FAF8E30004DBE75 /* Info.plist */,
				7ECD4F101FAF8E2F004DBE75 /* Supporting Files */,
				8477F4EE1FB8C3510039D0E8 /* RegisterViewController.h */,
				8477F4EF1FB8C3510039D0E8 /* RegisterViewController.m */,
				84291D8B1FB94DE600EFB7BB /* LoginViewController.h */,
				84291D8C1FB94DE600EFB7BB /* LoginViewController.m */,
			);
			path = "Papa Johns Voice Assistant";
			sourceTree = "<group>";
		};
		7ECD4F101FAF8E2F004DBE75 /* Supporting Files */ = {
			isa = PBXGroup;
			children = (
				7E37F2C11FB7F5290057188C /* microphone-image.png */,
				7E37F2C01FB7F5290057188C /* papa-johns.png */,
				7ECD4F111FAF8E2F004DBE75 /* main.m */,
			);
			name = "Supporting Files";
			sourceTree = "<group>";
		};
		7ECD4F291FAF8E30004DBE75 /* Papa Johns Voice AssistantTests */ = {
			isa = PBXGroup;
			children = (
				7ECD4F2A1FAF8E30004DBE75 /* Papa_Johns_Voice_AssistantTests.m */,
				7ECD4F2C1FAF8E30004DBE75 /* Info.plist */,
			);
			path = "Papa Johns Voice AssistantTests";
			sourceTree = "<group>";
		};
		7ECD4F341FAF8E30004DBE75 /* Papa Johns Voice AssistantUITests */ = {
			isa = PBXGroup;
			children = (
				7ECD4F351FAF8E30004DBE75 /* Papa_Johns_Voice_AssistantUITests.m */,
				7ECD4F371FAF8E30004DBE75 /* Info.plist */,
			);
			path = "Papa Johns Voice AssistantUITests";
			sourceTree = "<group>";
		};
		9BE1C3A0F1ABE087EBC6D1A7 /* Frameworks */ = {
			isa = PBXGroup;
			children = (
				A47A566A066E6C944A07C560 /* libPods-Papa Johns Voice Assistant.a */,
				DFE95A5C6F642C4B1BA2D6E4 /* libPods-Papa Johns Voice AssistantTests.a */,
				F490A428870113AD6F43F728 /* libPods-Papa Johns Voice AssistantUITests.a */,
			);
			name = Frameworks;
			sourceTree = "<group>";
		};
/* End PBXGroup section */

/* Begin PBXNativeTarget section */
		7ECD4F0C1FAF8E2F004DBE75 /* Papa Johns Voice Assistant */ = {
			isa = PBXNativeTarget;
			buildConfigurationList = 7ECD4F3A1FAF8E30004DBE75 /* Build configuration list for PBXNativeTarget "Papa Johns Voice Assistant" */;
			buildPhases = (
				F3B5C9DD97540C10E0A24FC0 /* [CP] Check Pods Manifest.lock */,
				7ECD4F091FAF8E2F004DBE75 /* Sources */,
				7ECD4F0A1FAF8E2F004DBE75 /* Frameworks */,
				7ECD4F0B1FAF8E2F004DBE75 /* Resources */,
				629E949D2958982DFE267CB5 /* [CP] Embed Pods Frameworks */,
				A07503EA435D1BE197376248 /* [CP] Copy Pods Resources */,
			);
			buildRules = (
			);
			dependencies = (
			);
			name = "Papa Johns Voice Assistant";
			productName = "Papa Johns Voice Assistant";
			productReference = 7ECD4F0D1FAF8E2F004DBE75 /* Papa Johns Voice Assistant.app */;
			productType = "com.apple.product-type.application";
		};
		7ECD4F251FAF8E30004DBE75 /* Papa Johns Voice AssistantTests */ = {
			isa = PBXNativeTarget;
			buildConfigurationList = 7ECD4F3D1FAF8E30004DBE75 /* Build configuration list for PBXNativeTarget "Papa Johns Voice AssistantTests" */;
			buildPhases = (
				DA8D442D7D4B45AC1D776DC9 /* [CP] Check Pods Manifest.lock */,
				7ECD4F221FAF8E30004DBE75 /* Sources */,
				7ECD4F231FAF8E30004DBE75 /* Frameworks */,
				7ECD4F241FAF8E30004DBE75 /* Resources */,
				886A3FFB3E7E0181B6863419 /* [CP] Embed Pods Frameworks */,
				9A35CE9B9EA8A848793BDD2F /* [CP] Copy Pods Resources */,
			);
			buildRules = (
			);
			dependencies = (
				7ECD4F281FAF8E30004DBE75 /* PBXTargetDependency */,
			);
			name = "Papa Johns Voice AssistantTests";
			productName = "Papa Johns Voice AssistantTests";
			productReference = 7ECD4F261FAF8E30004DBE75 /* Papa Johns Voice AssistantTests.xctest */;
			productType = "com.apple.product-type.bundle.unit-test";
		};
		7ECD4F301FAF8E30004DBE75 /* Papa Johns Voice AssistantUITests */ = {
			isa = PBXNativeTarget;
			buildConfigurationList = 7ECD4F401FAF8E30004DBE75 /* Build configuration list for PBXNativeTarget "Papa Johns Voice AssistantUITests" */;
			buildPhases = (
				A7517371888C5867B63BF20C /* [CP] Check Pods Manifest.lock */,
				7ECD4F2D1FAF8E30004DBE75 /* Sources */,
				7ECD4F2E1FAF8E30004DBE75 /* Frameworks */,
				7ECD4F2F1FAF8E30004DBE75 /* Resources */,
				38373A3A290B283756431F85 /* [CP] Embed Pods Frameworks */,
				4431D5BF7BA386A237371FD2 /* [CP] Copy Pods Resources */,
			);
			buildRules = (
			);
			dependencies = (
				7ECD4F331FAF8E30004DBE75 /* PBXTargetDependency */,
			);
			name = "Papa Johns Voice AssistantUITests";
			productName = "Papa Johns Voice AssistantUITests";
			productReference = 7ECD4F311FAF8E30004DBE75 /* Papa Johns Voice AssistantUITests.xctest */;
			productType = "com.apple.product-type.bundle.ui-testing";
		};
/* End PBXNativeTarget section */

/* Begin PBXProject section */
		7ECD4F051FAF8E2F004DBE75 /* Project object */ = {
			isa = PBXProject;
			attributes = {
				LastUpgradeCheck = 0910;
				ORGANIZATIONNAME = CS499;
				TargetAttributes = {
					7ECD4F0C1FAF8E2F004DBE75 = {
						CreatedOnToolsVersion = 8.2;
						DevelopmentTeam = 2M689A3JG2;
						ProvisioningStyle = Automatic;
					};
					7ECD4F251FAF8E30004DBE75 = {
						CreatedOnToolsVersion = 8.2;
						ProvisioningStyle = Automatic;
						TestTargetID = 7ECD4F0C1FAF8E2F004DBE75;
					};
					7ECD4F301FAF8E30004DBE75 = {
						CreatedOnToolsVersion = 8.2;
						ProvisioningStyle = Automatic;
						TestTargetID = 7ECD4F0C1FAF8E2F004DBE75;
					};
				};
			};
			buildConfigurationList = 7ECD4F081FAF8E2F004DBE75 /* Build configuration list for PBXProject "Papa Johns Voice Assistant" */;
			compatibilityVersion = "Xcode 3.2";
			developmentRegion = English;
			hasScannedForEncodings = 0;
			knownRegions = (
				en,
				Base,
			);
			mainGroup = 7ECD4F041FAF8E2F004DBE75;
			productRefGroup = 7ECD4F0E1FAF8E2F004DBE75 /* Products */;
			projectDirPath = "";
			projectRoot = "";
			targets = (
				7ECD4F0C1FAF8E2F004DBE75 /* Papa Johns Voice Assistant */,
				7ECD4F251FAF8E30004DBE75 /* Papa Johns Voice AssistantTests */,
				7ECD4F301FAF8E30004DBE75 /* Papa Johns Voice AssistantUITests */,
			);
		};
/* End PBXProject section */

/* Begin PBXResourcesBuildPhase section */
		7ECD4F0B1FAF8E2F004DBE75 /* Resources */ = {
			isa = PBXResourcesBuildPhase;
			buildActionMask = 2147483647;
			files = (
				7ECD4F201FAF8E30004DBE75 /* LaunchScreen.storyboard in Resources */,
				7E37F2C31FB7F5290057188C /* microphone-image.png in Resources */,
				7ECD4F1D1FAF8E2F004DBE75 /* Assets.xcassets in Resources */,
				7E37F2C21FB7F5290057188C /* papa-johns.png in Resources */,
				7ECD4F1B1FAF8E2F004DBE75 /* Main.storyboard in Resources */,
			);
			runOnlyForDeploymentPostprocessing = 0;
		};
		7ECD4F241FAF8E30004DBE75 /* Resources */ = {
			isa = PBXResourcesBuildPhase;
			buildActionMask = 2147483647;
			files = (
			);
			runOnlyForDeploymentPostprocessing = 0;
		};
		7ECD4F2F1FAF8E30004DBE75 /* Resources */ = {
			isa = PBXResourcesBuildPhase;
			buildActionMask = 2147483647;
			files = (
			);
			runOnlyForDeploymentPostprocessing = 0;
		};
/* End PBXResourcesBuildPhase section */

/* Begin PBXShellScriptBuildPhase section */
		38373A3A290B283756431F85 /* [CP] Embed Pods Frameworks */ = {
			isa = PBXShellScriptBuildPhase;
			buildActionMask = 2147483647;
			files = (
			);
			inputPaths = (
			);
			name = "[CP] Embed Pods Frameworks";
			outputPaths = (
			);
			runOnlyForDeploymentPostprocessing = 0;
			shellPath = /bin/sh;
			shellScript = "\"${SRCROOT}/Pods/Target Support Files/Pods-Papa Johns Voice AssistantUITests/Pods-Papa Johns Voice AssistantUITests-frameworks.sh\"\n";
			showEnvVarsInLog = 0;
		};
		4431D5BF7BA386A237371FD2 /* [CP] Copy Pods Resources */ = {
			isa = PBXShellScriptBuildPhase;
			buildActionMask = 2147483647;
			files = (
			);
			inputPaths = (
			);
			name = "[CP] Copy Pods Resources";
			outputPaths = (
			);
			runOnlyForDeploymentPostprocessing = 0;
			shellPath = /bin/sh;
			shellScript = "\"${SRCROOT}/Pods/Target Support Files/Pods-Papa Johns Voice AssistantUITests/Pods-Papa Johns Voice AssistantUITests-resources.sh\"\n";
			showEnvVarsInLog = 0;
		};
		629E949D2958982DFE267CB5 /* [CP] Embed Pods Frameworks */ = {
			isa = PBXShellScriptBuildPhase;
			buildActionMask = 2147483647;
			files = (
			);
			inputPaths = (
			);
			name = "[CP] Embed Pods Frameworks";
			outputPaths = (
			);
			runOnlyForDeploymentPostprocessing = 0;
			shellPath = /bin/sh;
			shellScript = "\"${SRCROOT}/Pods/Target Support Files/Pods-Papa Johns Voice Assistant/Pods-Papa Johns Voice Assistant-frameworks.sh\"\n";
			showEnvVarsInLog = 0;
		};
		886A3FFB3E7E0181B6863419 /* [CP] Embed Pods Frameworks */ = {
			isa = PBXShellScriptBuildPhase;
			buildActionMask = 2147483647;
			files = (
			);
			inputPaths = (
			);
			name = "[CP] Embed Pods Frameworks";
			outputPaths = (
			);
			runOnlyForDeploymentPostprocessing = 0;
			shellPath = /bin/sh;
			shellScript = "\"${SRCROOT}/Pods/Target Support Files/Pods-Papa Johns Voice AssistantTests/Pods-Papa Johns Voice AssistantTests-frameworks.sh\"\n";
			showEnvVarsInLog = 0;
		};
		9A35CE9B9EA8A848793BDD2F /* [CP] Copy Pods Resources */ = {
			isa = PBXShellScriptBuildPhase;
			buildActionMask = 2147483647;
			files = (
			);
			inputPaths = (
			);
			name = "[CP] Copy Pods Resources";
			outputPaths = (
			);
			runOnlyForDeploymentPostprocessing = 0;
			shellPath = /bin/sh;
			shellScript = "\"${SRCROOT}/Pods/Target Support Files/Pods-Papa Johns Voice AssistantTests/Pods-Papa Johns Voice AssistantTests-resources.sh\"\n";
			showEnvVarsInLog = 0;
		};
		A07503EA435D1BE197376248 /* [CP] Copy Pods Resources */ = {
			isa = PBXShellScriptBuildPhase;
			buildActionMask = 2147483647;
			files = (
			);
			inputPaths = (
				"${SRCROOT}/Pods/Target Support Files/Pods-Papa Johns Voice Assistant/Pods-Papa Johns Voice Assistant-resources.sh",
				"${PODS_ROOT}/ApiAI/ApiAI/UIKit/Images/AICubeIconImage.png",
				"${PODS_ROOT}/ApiAI/ApiAI/UIKit/Images/AICubeIconImage@2x.png",
				"${PODS_ROOT}/ApiAI/ApiAI/UIKit/Images/AICubeIconImage@3x.png",
				"${PODS_ROOT}/ApiAI/ApiAI/UIKit/Images/AIMicrophoneControlImage.png",
				"${PODS_ROOT}/ApiAI/ApiAI/UIKit/Images/AIMicrophoneControlImage@2x.png",
				"${PODS_ROOT}/ApiAI/ApiAI/UIKit/Images/AIMicrophoneControlImage@3x.png",
				"${PODS_ROOT}/ApiAI/ApiAI/UIKit/Classes/AIVoiceRequestButton.xib",
				"${PODS_ROOT}/ApiAI/ApiAI/VoiceRequest/Resources/beep.caf",
			);
			name = "[CP] Copy Pods Resources";
			outputPaths = (
				"${TARGET_BUILD_DIR}/${UNLOCALIZED_RESOURCES_FOLDER_PATH}",
			);
			runOnlyForDeploymentPostprocessing = 0;
			shellPath = /bin/sh;
			shellScript = "\"${SRCROOT}/Pods/Target Support Files/Pods-Papa Johns Voice Assistant/Pods-Papa Johns Voice Assistant-resources.sh\"\n";
			showEnvVarsInLog = 0;
		};
		A7517371888C5867B63BF20C /* [CP] Check Pods Manifest.lock */ = {
			isa = PBXShellScriptBuildPhase;
			buildActionMask = 2147483647;
			files = (
			);
			inputPaths = (
				"${PODS_PODFILE_DIR_PATH}/Podfile.lock",
				"${PODS_ROOT}/Manifest.lock",
			);
			name = "[CP] Check Pods Manifest.lock";
			outputPaths = (
				"$(DERIVED_FILE_DIR)/Pods-Papa Johns Voice AssistantUITests-checkManifestLockResult.txt",
			);
			runOnlyForDeploymentPostprocessing = 0;
			shellPath = /bin/sh;
			shellScript = "diff \"${PODS_PODFILE_DIR_PATH}/Podfile.lock\" \"${PODS_ROOT}/Manifest.lock\" > /dev/null\nif [ $? != 0 ] ; then\n    # print error to STDERR\n    echo \"error: The sandbox is not in sync with the Podfile.lock. Run 'pod install' or update your CocoaPods installation.\" >&2\n    exit 1\nfi\n# This output is used by Xcode 'outputs' to avoid re-running this script phase.\necho \"SUCCESS\" > \"${SCRIPT_OUTPUT_FILE_0}\"\n";
			showEnvVarsInLog = 0;
		};
		DA8D442D7D4B45AC1D776DC9 /* [CP] Check Pods Manifest.lock */ = {
			isa = PBXShellScriptBuildPhase;
			buildActionMask = 2147483647;
			files = (
			);
			inputPaths = (
				"${PODS_PODFILE_DIR_PATH}/Podfile.lock",
				"${PODS_ROOT}/Manifest.lock",
			);
			name = "[CP] Check Pods Manifest.lock";
			outputPaths = (
				"$(DERIVED_FILE_DIR)/Pods-Papa Johns Voice AssistantTests-checkManifestLockResult.txt",
			);
			runOnlyForDeploymentPostprocessing = 0;
			shellPath = /bin/sh;
			shellScript = "diff \"${PODS_PODFILE_DIR_PATH}/Podfile.lock\" \"${PODS_ROOT}/Manifest.lock\" > /dev/null\nif [ $? != 0 ] ; then\n    # print error to STDERR\n    echo \"error: The sandbox is not in sync with the Podfile.lock. Run 'pod install' or update your CocoaPods installation.\" >&2\n    exit 1\nfi\n# This output is used by Xcode 'outputs' to avoid re-running this script phase.\necho \"SUCCESS\" > \"${SCRIPT_OUTPUT_FILE_0}\"\n";
			showEnvVarsInLog = 0;
		};
		F3B5C9DD97540C10E0A24FC0 /* [CP] Check Pods Manifest.lock */ = {
			isa = PBXShellScriptBuildPhase;
			buildActionMask = 2147483647;
			files = (
			);
			inputPaths = (
				"${PODS_PODFILE_DIR_PATH}/Podfile.lock",
				"${PODS_ROOT}/Manifest.lock",
			);
			name = "[CP] Check Pods Manifest.lock";
			outputPaths = (
				"$(DERIVED_FILE_DIR)/Pods-Papa Johns Voice Assistant-checkManifestLockResult.txt",
			);
			runOnlyForDeploymentPostprocessing = 0;
			shellPath = /bin/sh;
			shellScript = "diff \"${PODS_PODFILE_DIR_PATH}/Podfile.lock\" \"${PODS_ROOT}/Manifest.lock\" > /dev/null\nif [ $? != 0 ] ; then\n    # print error to STDERR\n    echo \"error: The sandbox is not in sync with the Podfile.lock. Run 'pod install' or update your CocoaPods installation.\" >&2\n    exit 1\nfi\n# This output is used by Xcode 'outputs' to avoid re-running this script phase.\necho \"SUCCESS\" > \"${SCRIPT_OUTPUT_FILE_0}\"\n";
			showEnvVarsInLog = 0;
		};
/* End PBXShellScriptBuildPhase section */

/* Begin PBXSourcesBuildPhase section */
		7ECD4F091FAF8E2F004DBE75 /* Sources */ = {
			isa = PBXSourcesBuildPhase;
			buildActionMask = 2147483647;
			files = (
				7ECD4F181FAF8E2F004DBE75 /* ViewController.m in Sources */,
				7ECD4F151FAF8E2F004DBE75 /* AppDelegate.m in Sources */,
				7ECD4F121FAF8E2F004DBE75 /* main.m in Sources */,
				8477F4F01FB8C3510039D0E8 /* RegisterViewController.m in Sources */,
				84291D8D1FB94DE600EFB7BB /* LoginViewController.m in Sources */,
			);
			runOnlyForDeploymentPostprocessing = 0;
		};
		7ECD4F221FAF8E30004DBE75 /* Sources */ = {
			isa = PBXSourcesBuildPhase;
			buildActionMask = 2147483647;
			files = (
				7ECD4F2B1FAF8E30004DBE75 /* Papa_Johns_Voice_AssistantTests.m in Sources */,
			);
			runOnlyForDeploymentPostprocessing = 0;
		};
		7ECD4F2D1FAF8E30004DBE75 /* Sources */ = {
			isa = PBXSourcesBuildPhase;
			buildActionMask = 2147483647;
			files = (
				7ECD4F361FAF8E30004DBE75 /* Papa_Johns_Voice_AssistantUITests.m in Sources */,
			);
			runOnlyForDeploymentPostprocessing = 0;
		};
/* End PBXSourcesBuildPhase section */

/* Begin PBXTargetDependency section */
		7ECD4F281FAF8E30004DBE75 /* PBXTargetDependency */ = {
			isa = PBXTargetDependency;
			target = 7ECD4F0C1FAF8E2F004DBE75 /* Papa Johns Voice Assistant */;
			targetProxy = 7ECD4F271FAF8E30004DBE75 /* PBXContainerItemProxy */;
		};
		7ECD4F331FAF8E30004DBE75 /* PBXTargetDependency */ = {
			isa = PBXTargetDependency;
			target = 7ECD4F0C1FAF8E2F004DBE75 /* Papa Johns Voice Assistant */;
			targetProxy = 7ECD4F321FAF8E30004DBE75 /* PBXContainerItemProxy */;
		};
/* End PBXTargetDependency section */

/* Begin PBXVariantGroup section */
		7ECD4F191FAF8E2F004DBE75 /* Main.storyboard */ = {
			isa = PBXVariantGroup;
			children = (
				7ECD4F1A1FAF8E2F004DBE75 /* Base */,
			);
			name = Main.storyboard;
			sourceTree = "<group>";
		};
		7ECD4F1E1FAF8E30004DBE75 /* LaunchScreen.storyboard */ = {
			isa = PBXVariantGroup;
			children = (
				7ECD4F1F1FAF8E30004DBE75 /* Base */,
			);
			name = LaunchScreen.storyboard;
			sourceTree = "<group>";
		};
/* End PBXVariantGroup section */

/* Begin XCBuildConfiguration section */
		7ECD4F381FAF8E30004DBE75 /* Debug */ = {
			isa = XCBuildConfiguration;
			buildSettings = {
				ALWAYS_SEARCH_USER_PATHS = NO;
				CLANG_ANALYZER_NONNULL = YES;
				CLANG_CXX_LANGUAGE_STANDARD = "gnu++0x";
				CLANG_CXX_LIBRARY = "libc++";
				CLANG_ENABLE_MODULES = YES;
				CLANG_ENABLE_OBJC_ARC = YES;
				CLANG_WARN_BLOCK_CAPTURE_AUTORELEASING = YES;
				CLANG_WARN_BOOL_CONVERSION = YES;
				CLANG_WARN_COMMA = YES;
				CLANG_WARN_CONSTANT_CONVERSION = YES;
				CLANG_WARN_DIRECT_OBJC_ISA_USAGE = YES_ERROR;
				CLANG_WARN_DOCUMENTATION_COMMENTS = YES;
				CLANG_WARN_EMPTY_BODY = YES;
				CLANG_WARN_ENUM_CONVERSION = YES;
				CLANG_WARN_INFINITE_RECURSION = YES;
				CLANG_WARN_INT_CONVERSION = YES;
				CLANG_WARN_NON_LITERAL_NULL_CONVERSION = YES;
				CLANG_WARN_OBJC_LITERAL_CONVERSION = YES;
				CLANG_WARN_OBJC_ROOT_CLASS = YES_ERROR;
				CLANG_WARN_RANGE_LOOP_ANALYSIS = YES;
				CLANG_WARN_STRICT_PROTOTYPES = YES;
				CLANG_WARN_SUSPICIOUS_MOVE = YES;
				CLANG_WARN_UNREACHABLE_CODE = YES;
				CLANG_WARN__DUPLICATE_METHOD_MATCH = YES;
				"CODE_SIGN_IDENTITY[sdk=iphoneos*]" = "iPhone Developer";
				COPY_PHASE_STRIP = NO;
				DEBUG_INFORMATION_FORMAT = dwarf;
				ENABLE_STRICT_OBJC_MSGSEND = YES;
				ENABLE_TESTABILITY = YES;
				GCC_C_LANGUAGE_STANDARD = gnu99;
				GCC_DYNAMIC_NO_PIC = NO;
				GCC_NO_COMMON_BLOCKS = YES;
				GCC_OPTIMIZATION_LEVEL = 0;
				GCC_PREPROCESSOR_DEFINITIONS = (
					"DEBUG=1",
					"$(inherited)",
				);
				GCC_WARN_64_TO_32_BIT_CONVERSION = YES;
				GCC_WARN_ABOUT_RETURN_TYPE = YES_ERROR;
				GCC_WARN_UNDECLARED_SELECTOR = YES;
				GCC_WARN_UNINITIALIZED_AUTOS = YES_AGGRESSIVE;
				GCC_WARN_UNUSED_FUNCTION = YES;
				GCC_WARN_UNUSED_VARIABLE = YES;
				IPHONEOS_DEPLOYMENT_TARGET = 10.2;
				MTL_ENABLE_DEBUG_INFO = YES;
				ONLY_ACTIVE_ARCH = YES;
				SDKROOT = iphoneos;
			};
			name = Debug;
		};
		7ECD4F391FAF8E30004DBE75 /* Release */ = {
			isa = XCBuildConfiguration;
			buildSettings = {
				ALWAYS_SEARCH_USER_PATHS = NO;
				CLANG_ANALYZER_NONNULL = YES;
				CLANG_CXX_LANGUAGE_STANDARD = "gnu++0x";
				CLANG_CXX_LIBRARY = "libc++";
				CLANG_ENABLE_MODULES = YES;
				CLANG_ENABLE_OBJC_ARC = YES;
				CLANG_WARN_BLOCK_CAPTURE_AUTORELEASING = YES;
				CLANG_WARN_BOOL_CONVERSION = YES;
				CLANG_WARN_COMMA = YES;
				CLANG_WARN_CONSTANT_CONVERSION = YES;
				CLANG_WARN_DIRECT_OBJC_ISA_USAGE = YES_ERROR;
				CLANG_WARN_DOCUMENTATION_COMMENTS = YES;
				CLANG_WARN_EMPTY_BODY = YES;
				CLANG_WARN_ENUM_CONVERSION = YES;
				CLANG_WARN_INFINITE_RECURSION = YES;
				CLANG_WARN_INT_CONVERSION = YES;
				CLANG_WARN_NON_LITERAL_NULL_CONVERSION = YES;
				CLANG_WARN_OBJC_LITERAL_CONVERSION = YES;
				CLANG_WARN_OBJC_ROOT_CLASS = YES_ERROR;
				CLANG_WARN_RANGE_LOOP_ANALYSIS = YES;
				CLANG_WARN_STRICT_PROTOTYPES = YES;
				CLANG_WARN_SUSPICIOUS_MOVE = YES;
				CLANG_WARN_UNREACHABLE_CODE = YES;
				CLANG_WARN__DUPLICATE_METHOD_MATCH = YES;
				"CODE_SIGN_IDENTITY[sdk=iphoneos*]" = "iPhone Developer";
				COPY_PHASE_STRIP = NO;
				DEBUG_INFORMATION_FORMAT = "dwarf-with-dsym";
				ENABLE_NS_ASSERTIONS = NO;
				ENABLE_STRICT_OBJC_MSGSEND = YES;
				GCC_C_LANGUAGE_STANDARD = gnu99;
				GCC_NO_COMMON_BLOCKS = YES;
				GCC_WARN_64_TO_32_BIT_CONVERSION = YES;
				GCC_WARN_ABOUT_RETURN_TYPE = YES_ERROR;
				GCC_WARN_UNDECLARED_SELECTOR = YES;
				GCC_WARN_UNINITIALIZED_AUTOS = YES_AGGRESSIVE;
				GCC_WARN_UNUSED_FUNCTION = YES;
				GCC_WARN_UNUSED_VARIABLE = YES;
				IPHONEOS_DEPLOYMENT_TARGET = 10.2;
				MTL_ENABLE_DEBUG_INFO = NO;
				SDKROOT = iphoneos;
				VALIDATE_PRODUCT = YES;
			};
			name = Release;
		};
		7ECD4F3B1FAF8E30004DBE75 /* Debug */ = {
			isa = XCBuildConfiguration;
			baseConfigurationReference = 997C76160D73532012BE3BFC /* Pods-Papa Johns Voice Assistant.debug.xcconfig */;
			buildSettings = {
				ASSETCATALOG_COMPILER_APPICON_NAME = AppIcon;
				"CODE_SIGN_IDENTITY[sdk=iphoneos*]" = "iPhone Developer";
				CODE_SIGN_STYLE = Automatic;
				DEVELOPMENT_TEAM = 2M689A3JG2;
				INFOPLIST_FILE = "Papa Johns Voice Assistant/Info.plist";
				LD_RUNPATH_SEARCH_PATHS = "$(inherited) @executable_path/Frameworks";
				PRODUCT_BUNDLE_IDENTIFIER = "CS499.Papa-Johns-Voice-Assistant";
				PRODUCT_NAME = "$(TARGET_NAME)";
				PROVISIONING_PROFILE_SPECIFIER = "";
			};
			name = Debug;
		};
		7ECD4F3C1FAF8E30004DBE75 /* Release */ = {
			isa = XCBuildConfiguration;
			baseConfigurationReference = CE02FDB5AE4D76D2EB0B6193 /* Pods-Papa Johns Voice Assistant.release.xcconfig */;
			buildSettings = {
				ASSETCATALOG_COMPILER_APPICON_NAME = AppIcon;
				"CODE_SIGN_IDENTITY[sdk=iphoneos*]" = "iPhone Developer";
				CODE_SIGN_STYLE = Automatic;
				DEVELOPMENT_TEAM = 2M689A3JG2;
				INFOPLIST_FILE = "Papa Johns Voice Assistant/Info.plist";
				LD_RUNPATH_SEARCH_PATHS = "$(inherited) @executable_path/Frameworks";
				PRODUCT_BUNDLE_IDENTIFIER = "CS499.Papa-Johns-Voice-Assistant";
				PRODUCT_NAME = "$(TARGET_NAME)";
				PROVISIONING_PROFILE_SPECIFIER = "";
			};
			name = Release;
		};
		7ECD4F3E1FAF8E30004DBE75 /* Debug */ = {
			isa = XCBuildConfiguration;
			baseConfigurationReference = 994768432849B39FFA180BC3 /* Pods-Papa Johns Voice AssistantTests.debug.xcconfig */;
			buildSettings = {
				BUNDLE_LOADER = "$(TEST_HOST)";
				INFOPLIST_FILE = "Papa Johns Voice AssistantTests/Info.plist";
				LD_RUNPATH_SEARCH_PATHS = "$(inherited) @executable_path/Frameworks @loader_path/Frameworks";
				PRODUCT_BUNDLE_IDENTIFIER = "CS499.Papa-Johns-Voice-AssistantTests";
				PRODUCT_NAME = "$(TARGET_NAME)";
				TEST_HOST = "$(BUILT_PRODUCTS_DIR)/Papa Johns Voice Assistant.app/Papa Johns Voice Assistant";
			};
			name = Debug;
		};
		7ECD4F3F1FAF8E30004DBE75 /* Release */ = {
			isa = XCBuildConfiguration;
			baseConfigurationReference = 485FA8F621F80B477F96F2A8 /* Pods-Papa Johns Voice AssistantTests.release.xcconfig */;
			buildSettings = {
				BUNDLE_LOADER = "$(TEST_HOST)";
				INFOPLIST_FILE = "Papa Johns Voice AssistantTests/Info.plist";
				LD_RUNPATH_SEARCH_PATHS = "$(inherited) @executable_path/Frameworks @loader_path/Frameworks";
				PRODUCT_BUNDLE_IDENTIFIER = "CS499.Papa-Johns-Voice-AssistantTests";
				PRODUCT_NAME = "$(TARGET_NAME)";
				TEST_HOST = "$(BUILT_PRODUCTS_DIR)/Papa Johns Voice Assistant.app/Papa Johns Voice Assistant";
			};
			name = Release;
		};
		7ECD4F411FAF8E30004DBE75 /* Debug */ = {
			isa = XCBuildConfiguration;
			baseConfigurationReference = 1AD21207EA6A2B6C99A1482A /* Pods-Papa Johns Voice AssistantUITests.debug.xcconfig */;
			buildSettings = {
				INFOPLIST_FILE = "Papa Johns Voice AssistantUITests/Info.plist";
				LD_RUNPATH_SEARCH_PATHS = "$(inherited) @executable_path/Frameworks @loader_path/Frameworks";
				PRODUCT_BUNDLE_IDENTIFIER = "CS499.Papa-Johns-Voice-AssistantUITests";
				PRODUCT_NAME = "$(TARGET_NAME)";
				TEST_TARGET_NAME = "Papa Johns Voice Assistant";
			};
			name = Debug;
		};
		7ECD4F421FAF8E30004DBE75 /* Release */ = {
			isa = XCBuildConfiguration;
			baseConfigurationReference = 92AC79B07707CFCB2A40DA71 /* Pods-Papa Johns Voice AssistantUITests.release.xcconfig */;
			buildSettings = {
				INFOPLIST_FILE = "Papa Johns Voice AssistantUITests/Info.plist";
				LD_RUNPATH_SEARCH_PATHS = "$(inherited) @executable_path/Frameworks @loader_path/Frameworks";
				PRODUCT_BUNDLE_IDENTIFIER = "CS499.Papa-Johns-Voice-AssistantUITests";
				PRODUCT_NAME = "$(TARGET_NAME)";
				TEST_TARGET_NAME = "Papa Johns Voice Assistant";
			};
			name = Release;
		};
/* End XCBuildConfiguration section */

/* Begin XCConfigurationList section */
		7ECD4F081FAF8E2F004DBE75 /* Build configuration list for PBXProject "Papa Johns Voice Assistant" */ = {
			isa = XCConfigurationList;
			buildConfigurations = (
				7ECD4F381FAF8E30004DBE75 /* Debug */,
				7ECD4F391FAF8E30004DBE75 /* Release */,
			);
			defaultConfigurationIsVisible = 0;
			defaultConfigurationName = Release;
		};
		7ECD4F3A1FAF8E30004DBE75 /* Build configuration list for PBXNativeTarget "Papa Johns Voice Assistant" */ = {
			isa = XCConfigurationList;
			buildConfigurations = (
				7ECD4F3B1FAF8E30004DBE75 /* Debug */,
				7ECD4F3C1FAF8E30004DBE75 /* Release */,
			);
			defaultConfigurationIsVisible = 0;
			defaultConfigurationName = Release;
		};
		7ECD4F3D1FAF8E30004DBE75 /* Build configuration list for PBXNativeTarget "Papa Johns Voice AssistantTests" */ = {
			isa = XCConfigurationList;
			buildConfigurations = (
				7ECD4F3E1FAF8E30004DBE75 /* Debug */,
				7ECD4F3F1FAF8E30004DBE75 /* Release */,
			);
			defaultConfigurationIsVisible = 0;
			defaultConfigurationName = Release;
		};
		7ECD4F401FAF8E30004DBE75 /* Build configuration list for PBXNativeTarget "Papa Johns Voice AssistantUITests" */ = {
			isa = XCConfigurationList;
			buildConfigurations = (
				7ECD4F411FAF8E30004DBE75 /* Debug */,
				7ECD4F421FAF8E30004DBE75 /* Release */,
			);
			defaultConfigurationIsVisible = 0;
			defaultConfigurationName = Release;
		};
/* End XCConfigurationList section */
	};
	rootObject = 7ECD4F051FAF8E2F004DBE75 /* Project object */;
}
